
Microsoft Visual Studio Solution File, Format Version 12.00
# Visual Studio 15
VisualStudioVersion = 15.0.26730.12
MinimumVisualStudioVersion = 10.0.40219.1
Project("{D954291E-2A0B-460D-934E-DC6B0785DB48}") = "Rssdptest", "Rssdptest\Rssdptest\Rssdptest.shproj", "{738DC8DE-FEC3-4E76-9C75-EBC8D9414AF2}"
EndProject
Project("{FAE04EC0-301F-11D3-BF4B-00C04F79EFBC}") = "Rssdptest.Android", "Rssdptest\Rssdptest.Android\Rssdptest.Android.csproj", "{F2189DA2-4245-40EA-BDBA-C0C4C9072E88}"
EndProject
Project("{FAE04EC0-301F-11D3-BF4B-00C04F79EFBC}") = "Rssdptest.iOS", "Rssdptest\Rssdptest.iOS\Rssdptest.iOS.csproj", "{BA129679-95EA-43D1-B456-ACBACED9FBEF}"
EndProject
Global
	GlobalSection(SharedMSBuildProjectFiles) = preSolution
		Rssdptest\Rssdptest\Rssdptest.projitems*{738dc8de-fec3-4e76-9c75-ebc8d9414af2}*SharedItemsImports = 13
		Rssdptest\Rssdptest\Rssdptest.projitems*{ba129679-95ea-43d1-b456-acbaced9fbef}*SharedItemsImports = 4
		Rssdptest\Rssdptest\Rssdptest.projitems*{f2189da2-4245-40ea-bdba-c0c4c9072e88}*SharedItemsImports = 4
	EndGlobalSection
	GlobalSection(SolutionConfigurationPlatforms) = preSolution
		Ad-Hoc|Any CPU = Ad-Hoc|Any CPU
		Ad-Hoc|iPhone = Ad-Hoc|iPhone
		Ad-Hoc|iPhoneSimulator = Ad-Hoc|iPhoneSimulator
		AppStore|Any CPU = AppStore|Any CPU
		AppStore|iPhone = AppStore|iPhone
		AppStore|iPhoneSimulator = AppStore|iPhoneSimulator
		Debug|Any CPU = Debug|Any CPU
		Debug|iPhone = Debug|iPhone
		Debug|iPhoneSimulator = Debug|iPhoneSimulator
		Release|Any CPU = Release|Any CPU
		Release|iPhone = Release|iPhone
		Release|iPhoneSimulator = Release|iPhoneSimulator
	EndGlobalSection
	GlobalSection(ProjectConfigurationPlatforms) = postSolution
		{F2189DA2-4245-40EA-BDBA-C0C4C9072E88}.Ad-Hoc|Any CPU.ActiveCfg = Release|Any CPU
		{F2189DA2-4245-40EA-BDBA-C0C4C9072E88}.Ad-Hoc|Any CPU.Build.0 = Release|Any CPU
		{F2189DA2-4245-40EA-BDBA-C0C4C9072E88}.Ad-Hoc|Any CPU.Deploy.0 = Release|Any CPU
		{F2189DA2-4245-40EA-BDBA-C0C4C9072E88}.Ad-Hoc|iPhone.ActiveCfg = Release|Any CPU
		{F2189DA2-4245-40EA-BDBA-C0C4C9072E88}.Ad-Hoc|iPhone.Build.0 = Release|Any CPU
		{F2189DA2-4245-40EA-BDBA-C0C4C9072E88}.Ad-Hoc|iPhone.Deploy.0 = Release|Any CPU
		{F2189DA2-4245-40EA-BDBA-C0C4C9072E88}.Ad-Hoc|iPhoneSimulator.ActiveCfg = Release|Any CPU
		{F2189DA2-4245-40EA-BDBA-C0C4C9072E88}.Ad-Hoc|iPhoneSimulator.Build.0 = Release|Any CPU
		{F2189DA2-4245-40EA-BDBA-C0C4C9072E88}.Ad-Hoc|iPhoneSimulator.Deploy.0 = Release|Any CPU
		{F2189DA2-4245-40EA-BDBA-C0C4C9072E88}.AppStore|Any CPU.ActiveCfg = Release|Any CPU
		{F2189DA2-4245-40EA-BDBA-C0C4C9072E88}.AppStore|Any CPU.Build.0 = Release|Any CPU
		{F2189DA2-4245-40EA-BDBA-C0C4C9072E88}.AppStore|Any CPU.Deploy.0 = Release|Any CPU
		{F2189DA2-4245-40EA-BDBA-C0C4C9072E88}.AppStore|iPhone.ActiveCfg = Release|Any CPU
		{F2189DA2-4245-40EA-BDBA-C0C4C9072E88}.AppStore|iPhone.Build.0 = Release|Any CPU
		{F2189DA2-4245-40EA-BDBA-C0C4C9072E88}.AppStore|iPhone.Deploy.0 = Release|Any CPU
		{F2189DA2-4245-40EA-BDBA-C0C4C9072E88}.AppStore|iPhoneSimulator.ActiveCfg = Release|Any CPU
		{F2189DA2-4245-40EA-BDBA-C0C4C9072E88}.AppStore|iPhoneSimulator.Build.0 = Release|Any CPU
		{F2189DA2-4245-40EA-BDBA-C0C4C9072E88}.AppStore|iPhoneSimulator.Deploy.0 = Release|Any CPU
		{F2189DA2-4245-40EA-BDBA-C0C4C9072E88}.Debug|Any CPU.ActiveCfg = Debug|Any CPU
		{F2189DA2-4245-40EA-BDBA-C0C4C9072E88}.Debug|Any CPU.Build.0 = Debug|Any CPU
		{F2189DA2-4245-40EA-BDBA-C0C4C9072E88}.Debug|Any CPU.Deploy.0 = Debug|Any CPU
		{F2189DA2-4245-40EA-BDBA-C0C4C9072E88}.Debug|iPhone.ActiveCfg = Debug|Any CPU
		{F2189DA2-4245-40EA-BDBA-C0C4C9072E88}.Debug|iPhone.Build.0 = Debug|Any CPU
		{F2189DA2-4245-40EA-BDBA-C0C4C9072E88}.Debug|iPhone.Deploy.0 = Debug|Any CPU
		{F2189DA2-4245-40EA-BDBA-C0C4C9072E88}.Debug|iPhoneSimulator.ActiveCfg = Debug|Any CPU
		{F2189DA2-4245-40EA-BDBA-C0C4C9072E88}.Debug|iPhoneSimulator.Build.0 = Debug|Any CPU
		{F2189DA2-4245-40EA-BDBA-C0C4C9072E88}.Debug|iPhoneSimulator.Deploy.0 = Debug|Any CPU
		{F2189DA2-4245-40EA-BDBA-C0C4C9072E88}.Release|Any CPU.ActiveCfg = Release|Any CPU
		{F2189DA2-4245-40EA-BDBA-C0C4C9072E88}.Release|Any CPU.Build.0 = Release|Any CPU
		{F2189DA2-4245-40EA-BDBA-C0C4C9072E88}.Release|Any CPU.Deploy.0 = Release|Any CPU
		{F2189DA2-4245-40EA-BDBA-C0C4C9072E88}.Release|iPhone.ActiveCfg = Release|Any CPU
		{F2189DA2-4245-40EA-BDBA-C0C4C9072E88}.Release|iPhone.Build.0 = Release|Any CPU
		{F2189DA2-4245-40EA-BDBA-C0C4C9072E88}.Release|iPhone.Deploy.0 = Release|Any CPU
		{F2189DA2-4245-40EA-BDBA-C0C4C9072E88}.Release|iPhoneSimulator.ActiveCfg = Release|Any CPU
		{F2189DA2-4245-40EA-BDBA-C0C4C9072E88}.Release|iPhoneSimulator.Build.0 = Release|Any CPU
		{F2189DA2-4245-40EA-BDBA-C0C4C9072E88}.Release|iPhoneSimulator.Deploy.0 = Release|Any CPU
		{BA129679-95EA-43D1-B456-ACBACED9FBEF}.Ad-Hoc|Any CPU.ActiveCfg = Ad-Hoc|iPhone
		{BA129679-95EA-43D1-B456-ACBACED9FBEF}.Ad-Hoc|iPhone.ActiveCfg = Ad-Hoc|iPhone
		{BA129679-95EA-43D1-B456-ACBACED9FBEF}.Ad-Hoc|iPhone.Build.0 = Ad-Hoc|iPhone
		{BA129679-95EA-43D1-B456-ACBACED9FBEF}.Ad-Hoc|iPhoneSimulator.ActiveCfg = Ad-Hoc|iPhoneSimulator
		{BA129679-95EA-43D1-B456-ACBACED9FBEF}.Ad-Hoc|iPhoneSimulator.Build.0 = Ad-Hoc|iPhoneSimulator
		{BA129679-95EA-43D1-B456-ACBACED9FBEF}.AppStore|Any CPU.ActiveCfg = AppStore|iPhone
		{BA129679-95EA-43D1-B456-ACBACED9FBEF}.AppStore|iPhone.ActiveCfg = AppStore|iPhone
		{BA129679-95EA-43D1-B456-ACBACED9FBEF}.AppStore|iPhone.Build.0 = AppStore|iPhone
		{BA129679-95EA-43D1-B456-ACBACED9FBEF}.AppStore|iPhoneSimulator.ActiveCfg = AppStore|iPhoneSimulator
		{BA129679-95EA-43D1-B456-ACBACED9FBEF}.AppStore|iPhoneSimulator.Build.0 = AppStore|iPhoneSimulator
		{BA129679-95EA-43D1-B456-ACBACED9FBEF}.Debug|Any CPU.ActiveCfg = Debug|iPhone
		{BA129679-95EA-43D1-B456-ACBACED9FBEF}.Debug|iPhone.ActiveCfg = Debug|iPhone
		{BA129679-95EA-43D1-B456-ACBACED9FBEF}.Debug|iPhone.Build.0 = Debug|iPhone
		{BA129679-95EA-43D1-B456-ACBACED9FBEF}.Debug|iPhoneSimulator.ActiveCfg = Debug|iPhoneSimulator
		{BA129679-95EA-43D1-B456-ACBACED9FBEF}.Debug|iPhoneSimulator.Build.0 = Debug|iPhoneSimulator
		{BA129679-95EA-43D1-B456-ACBACED9FBEF}.Release|Any CPU.ActiveCfg = Release|iPhone
		{BA129679-95EA-43D1-B456-ACBACED9FBEF}.Release|iPhone.ActiveCfg = Release|iPhone
		{BA129679-95EA-43D1-B456-ACBACED9FBEF}.Release|iPhone.Build.0 = Release|iPhone
		{BA129679-95EA-43D1-B456-ACBACED9FBEF}.Release|iPhoneSimulator.ActiveCfg = Release|iPhoneSimulator
		{BA129679-95EA-43D1-B456-ACBACED9FBEF}.Release|iPhoneSimulator.Build.0 = Release|iPhoneSimulator
	EndGlobalSection
	GlobalSection(SolutionProperties) = preSolution
		HideSolutionNode = FALSE
	EndGlobalSection
	GlobalSection(ExtensibilityGlobals) = postSolution
		SolutionGuid = {E54D6C67-EFA8-40F7-A565-44A3061E23B9}
	EndGlobalSection
EndGlobal
